
Microsoft Visual Studio Solution File, Format Version 12.00
# Visual Studio 15
VisualStudioVersion = 15.0.28307.438
MinimumVisualStudioVersion = 10.0.40219.1
Project("{FAE04EC0-301F-11D3-BF4B-00C04F79EFBC}") = "EmployeeWebApp", "EmployeeWebApp\EmployeeWebApp.csproj", "{E58E019D-4A84-40B2-9079-1741A7C03183}"
EndProject
Project("{FAE04EC0-301F-11D3-BF4B-00C04F79EFBC}") = "DataAccessLayer", "DataAccessLayer\DataAccessLayer.csproj", "{B44A3450-4D28-431C-8B56-0BA598428CB0}"
EndProject
Global
	GlobalSection(SolutionConfigurationPlatforms) = preSolution
		Debug|Any CPU = Debug|Any CPU
		Release|Any CPU = Release|Any CPU
	EndGlobalSection
	GlobalSection(ProjectConfigurationPlatforms) = postSolution
		{E58E019D-4A84-40B2-9079-1741A7C03183}.Debug|Any CPU.ActiveCfg = Debug|Any CPU
		{E58E019D-4A84-40B2-9079-1741A7C03183}.Debug|Any CPU.Build.0 = Debug|Any CPU
		{E58E019D-4A84-40B2-9079-1741A7C03183}.Release|Any CPU.ActiveCfg = Release|Any CPU
		{E58E019D-4A84-40B2-9079-1741A7C03183}.Release|Any CPU.Build.0 = Release|Any CPU
		{B44A3450-4D28-431C-8B56-0BA598428CB0}.Debug|Any CPU.ActiveCfg = Debug|Any CPU
		{B44A3450-4D28-431C-8B56-0BA598428CB0}.Debug|Any CPU.Build.0 = Debug|Any CPU
		{B44A3450-4D28-431C-8B56-0BA598428CB0}.Release|Any CPU.ActiveCfg = Release|Any CPU
		{B44A3450-4D28-431C-8B56-0BA598428CB0}.Release|Any CPU.Build.0 = Release|Any CPU
	EndGlobalSection
	GlobalSection(SolutionProperties) = preSolution
		HideSolutionNode = FALSE
	EndGlobalSection
	GlobalSection(ExtensibilityGlobals) = postSolution
		SolutionGuid = {82BE7126-CF4D-4C3B-8848-7AC76BD19595}
	EndGlobalSection
EndGlobal
